
Microsoft Visual Studio Solution File, Format Version 12.00
# Visual Studio Version 17
VisualStudioVersion = 17.11.35327.3
MinimumVisualStudioVersion = 10.0.40219.1
Project("{FAE04EC0-301F-11D3-BF4B-00C04F79EFBC}") = "HealthPatient", "HealthPatient\HealthPatient.csproj", "{8BC7E7F1-A173-4CC8-9D05-636E9B29B9F4}"
EndProject
Global
	GlobalSection(SolutionConfigurationPlatforms) = preSolution
		Debug|Any CPU = Debug|Any CPU
		Release|Any CPU = Release|Any CPU
	EndGlobalSection
	GlobalSection(ProjectConfigurationPlatforms) = postSolution
		{8BC7E7F1-A173-4CC8-9D05-636E9B29B9F4}.Debug|Any CPU.ActiveCfg = Debug|Any CPU
		{8BC7E7F1-A173-4CC8-9D05-636E9B29B9F4}.Debug|Any CPU.Build.0 = Debug|Any CPU
		{8BC7E7F1-A173-4CC8-9D05-636E9B29B9F4}.Release|Any CPU.ActiveCfg = Release|Any CPU
		{8BC7E7F1-A173-4CC8-9D05-636E9B29B9F4}.Release|Any CPU.Build.0 = Release|Any CPU
	EndGlobalSection
	GlobalSection(SolutionProperties) = preSolution
		HideSolutionNode = FALSE
	EndGlobalSection
	GlobalSection(ExtensibilityGlobals) = postSolution
		SolutionGuid = {C941098B-CBFA-400E-A294-850509078570}
	EndGlobalSection
EndGlobal
